
Microsoft Visual Studio Solution File, Format Version 12.00
# Visual Studio Version 17
VisualStudioVersion = 17.14.36429.23
MinimumVisualStudioVersion = 10.0.40219.1
Project("{FAE04EC0-301F-11D3-BF4B-00C04F79EFBC}") = "AuthenticationDeepDive.Weather.Basic", "AuthenticationDeepDive.Weather.Basic\AuthenticationDeepDive.Weather.Basic.csproj", "{6C03E9F0-16CD-4FDF-837A-141CE12DAF4B}"
EndProject
Project("{FAE04EC0-301F-11D3-BF4B-00C04F79EFBC}") = "AuthenticationDeepDive.Weather.IdentityProvider", "AuthenticationDeepDive.Weather.IdentityProvider\AuthenticationDeepDive.Weather.IdentityProvider.csproj", "{C3F36A5E-3CE1-483E-AD08-6426AF5EB700}"
EndProject
Project("{FAE04EC0-301F-11D3-BF4B-00C04F79EFBC}") = "AuthenticationDeepDive.Weather.JWT", "AuthenticationDeepDive.Weather.JWT\AuthenticationDeepDive.Weather.JWT.csproj", "{77D9F3B0-4C19-4D17-A0DA-9159F1BDE359}"
EndProject
Project("{FAE04EC0-301F-11D3-BF4B-00C04F79EFBC}") = "AuthenticationDeepDive.Weather.OAuth", "AuthenticationDeepDive.Weather.OAuth\AuthenticationDeepDive.Weather.OAuth.csproj", "{10DE1F1A-C34E-46F8-B943-F0982FFE5FB7}"
EndProject
Project("{FAE04EC0-301F-11D3-BF4B-00C04F79EFBC}") = "AuthenticationDeepDive.Weather.Cookie", "AuthenticationDeepDive.Weather.Cookie\AuthenticationDeepDive.Weather.Cookie.csproj", "{BF7CEEAF-D230-4EDC-93CB-EB88C4B0000C}"
EndProject
Project("{FAE04EC0-301F-11D3-BF4B-00C04F79EFBC}") = "AuthenticationDeepDive.Weather.OpenIdConnect", "AuthenticationDeepDive.Weather.OpenIdConnect\AuthenticationDeepDive.Weather.OpenIdConnect.csproj", "{C53D767D-E85C-FD07-D2A8-D1BB32857DA4}"
EndProject
Global
	GlobalSection(SolutionConfigurationPlatforms) = preSolution
		Debug|Any CPU = Debug|Any CPU
		Release|Any CPU = Release|Any CPU
	EndGlobalSection
	GlobalSection(ProjectConfigurationPlatforms) = postSolution
		{6C03E9F0-16CD-4FDF-837A-141CE12DAF4B}.Debug|Any CPU.ActiveCfg = Debug|Any CPU
		{6C03E9F0-16CD-4FDF-837A-141CE12DAF4B}.Debug|Any CPU.Build.0 = Debug|Any CPU
		{6C03E9F0-16CD-4FDF-837A-141CE12DAF4B}.Release|Any CPU.ActiveCfg = Release|Any CPU
		{6C03E9F0-16CD-4FDF-837A-141CE12DAF4B}.Release|Any CPU.Build.0 = Release|Any CPU
		{C3F36A5E-3CE1-483E-AD08-6426AF5EB700}.Debug|Any CPU.ActiveCfg = Debug|Any CPU
		{C3F36A5E-3CE1-483E-AD08-6426AF5EB700}.Debug|Any CPU.Build.0 = Debug|Any CPU
		{C3F36A5E-3CE1-483E-AD08-6426AF5EB700}.Release|Any CPU.ActiveCfg = Release|Any CPU
		{C3F36A5E-3CE1-483E-AD08-6426AF5EB700}.Release|Any CPU.Build.0 = Release|Any CPU
		{77D9F3B0-4C19-4D17-A0DA-9159F1BDE359}.Debug|Any CPU.ActiveCfg = Debug|Any CPU
		{77D9F3B0-4C19-4D17-A0DA-9159F1BDE359}.Debug|Any CPU.Build.0 = Debug|Any CPU
		{77D9F3B0-4C19-4D17-A0DA-9159F1BDE359}.Release|Any CPU.ActiveCfg = Release|Any CPU
		{77D9F3B0-4C19-4D17-A0DA-9159F1BDE359}.Release|Any CPU.Build.0 = Release|Any CPU
		{10DE1F1A-C34E-46F8-B943-F0982FFE5FB7}.Debug|Any CPU.ActiveCfg = Debug|Any CPU
		{10DE1F1A-C34E-46F8-B943-F0982FFE5FB7}.Debug|Any CPU.Build.0 = Debug|Any CPU
		{10DE1F1A-C34E-46F8-B943-F0982FFE5FB7}.Release|Any CPU.ActiveCfg = Release|Any CPU
		{10DE1F1A-C34E-46F8-B943-F0982FFE5FB7}.Release|Any CPU.Build.0 = Release|Any CPU
		{BF7CEEAF-D230-4EDC-93CB-EB88C4B0000C}.Debug|Any CPU.ActiveCfg = Debug|Any CPU
		{BF7CEEAF-D230-4EDC-93CB-EB88C4B0000C}.Debug|Any CPU.Build.0 = Debug|Any CPU
		{BF7CEEAF-D230-4EDC-93CB-EB88C4B0000C}.Release|Any CPU.ActiveCfg = Release|Any CPU
		{BF7CEEAF-D230-4EDC-93CB-EB88C4B0000C}.Release|Any CPU.Build.0 = Release|Any CPU
		{C53D767D-E85C-FD07-D2A8-D1BB32857DA4}.Debug|Any CPU.ActiveCfg = Debug|Any CPU
		{C53D767D-E85C-FD07-D2A8-D1BB32857DA4}.Debug|Any CPU.Build.0 = Debug|Any CPU
		{C53D767D-E85C-FD07-D2A8-D1BB32857DA4}.Release|Any CPU.ActiveCfg = Release|Any CPU
		{C53D767D-E85C-FD07-D2A8-D1BB32857DA4}.Release|Any CPU.Build.0 = Release|Any CPU
	EndGlobalSection
	GlobalSection(SolutionProperties) = preSolution
		HideSolutionNode = FALSE
	EndGlobalSection
	GlobalSection(ExtensibilityGlobals) = postSolution
		SolutionGuid = {8DF247D0-96E6-4830-8248-B51DD10D307A}
	EndGlobalSection
EndGlobal
